
Microsoft Visual Studio Solution File, Format Version 12.00
# Visual Studio Version 17
VisualStudioVersion = 17.7.34003.232
MinimumVisualStudioVersion = 10.0.40219.1
Project("{FAE04EC0-301F-11D3-BF4B-00C04F79EFBC}") = "SegregacionInterfaces", "SegregacionInterfaces.csproj", "{BD40618D-5A47-4CFB-B34A-C6F69E23F2E3}"
EndProject
Global
	GlobalSection(SolutionConfigurationPlatforms) = preSolution
		Debug|Any CPU = Debug|Any CPU
		Release|Any CPU = Release|Any CPU
	EndGlobalSection
	GlobalSection(ProjectConfigurationPlatforms) = postSolution
		{BD40618D-5A47-4CFB-B34A-C6F69E23F2E3}.Debug|Any CPU.ActiveCfg = Debug|Any CPU
		{BD40618D-5A47-4CFB-B34A-C6F69E23F2E3}.Debug|Any CPU.Build.0 = Debug|Any CPU
		{BD40618D-5A47-4CFB-B34A-C6F69E23F2E3}.Release|Any CPU.ActiveCfg = Release|Any CPU
		{BD40618D-5A47-4CFB-B34A-C6F69E23F2E3}.Release|Any CPU.Build.0 = Release|Any CPU
	EndGlobalSection
	GlobalSection(SolutionProperties) = preSolution
		HideSolutionNode = FALSE
	EndGlobalSection
	GlobalSection(ExtensibilityGlobals) = postSolution
		SolutionGuid = {032D4B2B-A394-4A1E-8278-5D07B62C1D74}
	EndGlobalSection
EndGlobal
